Microsoft Visual Studio Solution File, Format Version 8.00
Project("{8BC9CEB8-8B4A-11D0-8D11-00A0C91BC942}") = "lua51", "lua51.vcproj", "{625A1B5E-7AFF-4BEC-BD1F-D940ACD6C690}"
	ProjectSection(ProjectDependencies) = postProject
	EndProjectSection
EndProject
Project("{8BC9CEB8-8B4A-11D0-8D11-00A0C91BC942}") = "GearX", "GearX.vcproj", "{8ED0D897-193D-47C9-BBB1-314F273B05DF}"
	ProjectSection(ProjectDependencies) = postProject
	EndProjectSection
EndProject
Project("{8BC9CEB8-8B4A-11D0-8D11-00A0C91BC942}") = "windsoul", "..\wpp\windsoul.vcproj", "{459B3B15-C125-4FA8-9A0E-74AABFEE5944}"
	ProjectSection(ProjectDependencies) = postProject
	EndProjectSection
EndProject
Project("{8BC9CEB8-8B4A-11D0-8D11-00A0C91BC942}") = "socket", "socket.vcproj", "{B863D177-4CA3-4D86-B476-DC518A2A275C}"
	ProjectSection(ProjectDependencies) = postProject
	EndProjectSection
EndProject
Project("{8BC9CEB8-8B4A-11D0-8D11-00A0C91BC942}") = "gxbase", "gxbase.vcproj", "{D5D05AE4-8867-4704-935F-EEA4F0E9390C}"
	ProjectSection(ProjectDependencies) = postProject
	EndProjectSection
EndProject
Project("{8BC9CEB8-8B4A-11D0-8D11-00A0C91BC942}") = "server", "server.vcproj", "{76BCF2EA-FD7C-4A52-B952-DF6AE3055829}"
	ProjectSection(ProjectDependencies) = postProject
	EndProjectSection
EndProject
Global
	GlobalSection(SolutionConfiguration) = preSolution
		API = API
		CanvasDebug = CanvasDebug
		Debug = Debug
		Release = Release
		VTune = VTune
	EndGlobalSection
	GlobalSection(ProjectConfiguration) = postSolution
		{625A1B5E-7AFF-4BEC-BD1F-D940ACD6C690}.API.ActiveCfg = Release|Win32
		{625A1B5E-7AFF-4BEC-BD1F-D940ACD6C690}.API.Build.0 = Release|Win32
		{625A1B5E-7AFF-4BEC-BD1F-D940ACD6C690}.CanvasDebug.ActiveCfg = Debug|Win32
		{625A1B5E-7AFF-4BEC-BD1F-D940ACD6C690}.CanvasDebug.Build.0 = Debug|Win32
		{625A1B5E-7AFF-4BEC-BD1F-D940ACD6C690}.Debug.ActiveCfg = Debug|Win32
		{625A1B5E-7AFF-4BEC-BD1F-D940ACD6C690}.Debug.Build.0 = Debug|Win32
		{625A1B5E-7AFF-4BEC-BD1F-D940ACD6C690}.Release.ActiveCfg = Release|Win32
		{625A1B5E-7AFF-4BEC-BD1F-D940ACD6C690}.Release.Build.0 = Release|Win32
		{625A1B5E-7AFF-4BEC-BD1F-D940ACD6C690}.VTune.ActiveCfg = Release|Win32
		{625A1B5E-7AFF-4BEC-BD1F-D940ACD6C690}.VTune.Build.0 = Release|Win32
		{8ED0D897-193D-47C9-BBB1-314F273B05DF}.API.ActiveCfg = Release|Win32
		{8ED0D897-193D-47C9-BBB1-314F273B05DF}.API.Build.0 = Release|Win32
		{8ED0D897-193D-47C9-BBB1-314F273B05DF}.CanvasDebug.ActiveCfg = Debug|Win32
		{8ED0D897-193D-47C9-BBB1-314F273B05DF}.CanvasDebug.Build.0 = Debug|Win32
		{8ED0D897-193D-47C9-BBB1-314F273B05DF}.Debug.ActiveCfg = Debug|Win32
		{8ED0D897-193D-47C9-BBB1-314F273B05DF}.Debug.Build.0 = Debug|Win32
		{8ED0D897-193D-47C9-BBB1-314F273B05DF}.Release.ActiveCfg = Release|Win32
		{8ED0D897-193D-47C9-BBB1-314F273B05DF}.Release.Build.0 = Release|Win32
		{8ED0D897-193D-47C9-BBB1-314F273B05DF}.VTune.ActiveCfg = Release|Win32
		{8ED0D897-193D-47C9-BBB1-314F273B05DF}.VTune.Build.0 = Release|Win32
		{459B3B15-C125-4FA8-9A0E-74AABFEE5944}.API.ActiveCfg = API|Win32
		{459B3B15-C125-4FA8-9A0E-74AABFEE5944}.API.Build.0 = API|Win32
		{459B3B15-C125-4FA8-9A0E-74AABFEE5944}.CanvasDebug.ActiveCfg = CanvasDebug|Win32
		{459B3B15-C125-4FA8-9A0E-74AABFEE5944}.CanvasDebug.Build.0 = CanvasDebug|Win32
		{459B3B15-C125-4FA8-9A0E-74AABFEE5944}.Debug.ActiveCfg = Debug|Win32
		{459B3B15-C125-4FA8-9A0E-74AABFEE5944}.Debug.Build.0 = Debug|Win32
		{459B3B15-C125-4FA8-9A0E-74AABFEE5944}.Release.ActiveCfg = Release|Win32
		{459B3B15-C125-4FA8-9A0E-74AABFEE5944}.Release.Build.0 = Release|Win32
		{459B3B15-C125-4FA8-9A0E-74AABFEE5944}.VTune.ActiveCfg = VTune|Win32
		{459B3B15-C125-4FA8-9A0E-74AABFEE5944}.VTune.Build.0 = VTune|Win32
		{B863D177-4CA3-4D86-B476-DC518A2A275C}.API.ActiveCfg = Release|Win32
		{B863D177-4CA3-4D86-B476-DC518A2A275C}.API.Build.0 = Release|Win32
		{B863D177-4CA3-4D86-B476-DC518A2A275C}.CanvasDebug.ActiveCfg = Debug|Win32
		{B863D177-4CA3-4D86-B476-DC518A2A275C}.CanvasDebug.Build.0 = Debug|Win32
		{B863D177-4CA3-4D86-B476-DC518A2A275C}.Debug.ActiveCfg = Debug|Win32
		{B863D177-4CA3-4D86-B476-DC518A2A275C}.Debug.Build.0 = Debug|Win32
		{B863D177-4CA3-4D86-B476-DC518A2A275C}.Release.ActiveCfg = Release|Win32
		{B863D177-4CA3-4D86-B476-DC518A2A275C}.Release.Build.0 = Release|Win32
		{B863D177-4CA3-4D86-B476-DC518A2A275C}.VTune.ActiveCfg = Release|Win32
		{B863D177-4CA3-4D86-B476-DC518A2A275C}.VTune.Build.0 = Release|Win32
		{D5D05AE4-8867-4704-935F-EEA4F0E9390C}.API.ActiveCfg = Release|Win32
		{D5D05AE4-8867-4704-935F-EEA4F0E9390C}.API.Build.0 = Release|Win32
		{D5D05AE4-8867-4704-935F-EEA4F0E9390C}.CanvasDebug.ActiveCfg = Debug|Win32
		{D5D05AE4-8867-4704-935F-EEA4F0E9390C}.CanvasDebug.Build.0 = Debug|Win32
		{D5D05AE4-8867-4704-935F-EEA4F0E9390C}.Debug.ActiveCfg = Debug|Win32
		{D5D05AE4-8867-4704-935F-EEA4F0E9390C}.Debug.Build.0 = Debug|Win32
		{D5D05AE4-8867-4704-935F-EEA4F0E9390C}.Release.ActiveCfg = Release|Win32
		{D5D05AE4-8867-4704-935F-EEA4F0E9390C}.Release.Build.0 = Release|Win32
		{D5D05AE4-8867-4704-935F-EEA4F0E9390C}.VTune.ActiveCfg = Release|Win32
		{D5D05AE4-8867-4704-935F-EEA4F0E9390C}.VTune.Build.0 = Release|Win32
		{76BCF2EA-FD7C-4A52-B952-DF6AE3055829}.API.ActiveCfg = Release|Win32
		{76BCF2EA-FD7C-4A52-B952-DF6AE3055829}.API.Build.0 = Release|Win32
		{76BCF2EA-FD7C-4A52-B952-DF6AE3055829}.CanvasDebug.ActiveCfg = Debug|Win32
		{76BCF2EA-FD7C-4A52-B952-DF6AE3055829}.CanvasDebug.Build.0 = Debug|Win32
		{76BCF2EA-FD7C-4A52-B952-DF6AE3055829}.Debug.ActiveCfg = Debug|Win32
		{76BCF2EA-FD7C-4A52-B952-DF6AE3055829}.Debug.Build.0 = Debug|Win32
		{76BCF2EA-FD7C-4A52-B952-DF6AE3055829}.Release.ActiveCfg = Release|Win32
		{76BCF2EA-FD7C-4A52-B952-DF6AE3055829}.Release.Build.0 = Release|Win32
		{76BCF2EA-FD7C-4A52-B952-DF6AE3055829}.VTune.ActiveCfg = Release|Win32
		{76BCF2EA-FD7C-4A52-B952-DF6AE3055829}.VTune.Build.0 = Release|Win32
	EndGlobalSection
	GlobalSection(ExtensibilityGlobals) = postSolution
	EndGlobalSection
	GlobalSection(ExtensibilityAddIns) = postSolution
	EndGlobalSection
EndGlobal
